
Microsoft Visual Studio Solution File, Format Version 12.00
# Visual Studio Version 16
VisualStudioVersion = 16.0.29009.5
MinimumVisualStudioVersion = 10.0.40219.1
Project("{FAE04EC0-301F-11D3-BF4B-00C04F79EFBC}") = "ConsoleApp1", "ConsoleApp1\ConsoleApp1.csproj", "{360EBAB1-1BE2-4EBB-B163-B9866873A2D0}"
EndProject
Global
	GlobalSection(SolutionConfigurationPlatforms) = preSolution
		Debug|Any CPU = Debug|Any CPU
		Release|Any CPU = Release|Any CPU
	EndGlobalSection
	GlobalSection(ProjectConfigurationPlatforms) = postSolution
		{360EBAB1-1BE2-4EBB-B163-B9866873A2D0}.Debug|Any CPU.ActiveCfg = Debug|Any CPU
		{360EBAB1-1BE2-4EBB-B163-B9866873A2D0}.Debug|Any CPU.Build.0 = Debug|Any CPU
		{360EBAB1-1BE2-4EBB-B163-B9866873A2D0}.Release|Any CPU.ActiveCfg = Release|Any CPU
		{360EBAB1-1BE2-4EBB-B163-B9866873A2D0}.Release|Any CPU.Build.0 = Release|Any CPU
	EndGlobalSection
	GlobalSection(SolutionProperties) = preSolution
		HideSolutionNode = FALSE
	EndGlobalSection
	GlobalSection(ExtensibilityGlobals) = postSolution
		SolutionGuid = {4DA81322-1AAC-4E99-89E3-9B626862DE8B}
	EndGlobalSection
EndGlobal
