
Microsoft Visual Studio Solution File, Format Version 12.00
# Visual Studio Version 16
VisualStudioVersion = 16.0.29009.5
MinimumVisualStudioVersion = 10.0.40219.1
Project("{FAE04EC0-301F-11D3-BF4B-00C04F79EFBC}") = "WebApplication1", "WebApplication1\WebApplication1.csproj", "{7932080B-8ACE-4EEC-9331-99F89C21503E}"
EndProject
Global
	GlobalSection(SolutionConfigurationPlatforms) = preSolution
		Debug|Any CPU = Debug|Any CPU
		Release|Any CPU = Release|Any CPU
	EndGlobalSection
	GlobalSection(ProjectConfigurationPlatforms) = postSolution
		{7932080B-8ACE-4EEC-9331-99F89C21503E}.Debug|Any CPU.ActiveCfg = Debug|Any CPU
		{7932080B-8ACE-4EEC-9331-99F89C21503E}.Debug|Any CPU.Build.0 = Debug|Any CPU
		{7932080B-8ACE-4EEC-9331-99F89C21503E}.Release|Any CPU.ActiveCfg = Release|Any CPU
		{7932080B-8ACE-4EEC-9331-99F89C21503E}.Release|Any CPU.Build.0 = Release|Any CPU
	EndGlobalSection
	GlobalSection(SolutionProperties) = preSolution
		HideSolutionNode = FALSE
	EndGlobalSection
	GlobalSection(ExtensibilityGlobals) = postSolution
		SolutionGuid = {6F020B84-38C1-41D9-91A8-365D75650425}
	EndGlobalSection
EndGlobal
